
Microsoft Visual Studio Solution File, Format Version 12.00
# Visual Studio Version 17
VisualStudioVersion = 17.14.36301.6 d17.14
MinimumVisualStudioVersion = 10.0.40219.1
Project("{FAE04EC0-301F-11D3-BF4B-00C04F79EFBC}") = "Exam", "Exam\Exam.csproj", "{09A95EE8-5C54-43E8-AA9E-C0B15DD8CFD3}"
EndProject
Global
	GlobalSection(SolutionConfigurationPlatforms) = preSolution
		Debug|Any CPU = Debug|Any CPU
		Release|Any CPU = Release|Any CPU
	EndGlobalSection
	GlobalSection(ProjectConfigurationPlatforms) = postSolution
		{09A95EE8-5C54-43E8-AA9E-C0B15DD8CFD3}.Debug|Any CPU.ActiveCfg = Debug|Any CPU
		{09A95EE8-5C54-43E8-AA9E-C0B15DD8CFD3}.Debug|Any CPU.Build.0 = Debug|Any CPU
		{09A95EE8-5C54-43E8-AA9E-C0B15DD8CFD3}.Release|Any CPU.ActiveCfg = Release|Any CPU
		{09A95EE8-5C54-43E8-AA9E-C0B15DD8CFD3}.Release|Any CPU.Build.0 = Release|Any CPU
	EndGlobalSection
	GlobalSection(SolutionProperties) = preSolution
		HideSolutionNode = FALSE
	EndGlobalSection
	GlobalSection(ExtensibilityGlobals) = postSolution
		SolutionGuid = {8FED9B11-B601-49C4-A764-6B58C29D3E05}
	EndGlobalSection
EndGlobal
